
Microsoft Visual Studio Solution File, Format Version 12.00
# Visual Studio 14
VisualStudioVersion = 14.0.25420.1
MinimumVisualStudioVersion = 10.0.40219.1
Project("{FAE04EC0-301F-11D3-BF4B-00C04F79EFBC}") = "AoC2016Day2", "AoC2016Day2\AoC2016Day2.csproj", "{C107FF29-6395-4F16-BA7F-679AFD48A902}"
EndProject
Project("{FAE04EC0-301F-11D3-BF4B-00C04F79EFBC}") = "AoC2016Day2Tests", "AoC2016Day2Tests\AoC2016Day2Tests.csproj", "{72E4FA50-58E2-41CD-BA85-7757C96B4F18}"
EndProject
Global
	GlobalSection(SolutionConfigurationPlatforms) = preSolution
		Debug|Any CPU = Debug|Any CPU
		Release|Any CPU = Release|Any CPU
	EndGlobalSection
	GlobalSection(ProjectConfigurationPlatforms) = postSolution
		{C107FF29-6395-4F16-BA7F-679AFD48A902}.Debug|Any CPU.ActiveCfg = Debug|Any CPU
		{C107FF29-6395-4F16-BA7F-679AFD48A902}.Debug|Any CPU.Build.0 = Debug|Any CPU
		{C107FF29-6395-4F16-BA7F-679AFD48A902}.Release|Any CPU.ActiveCfg = Release|Any CPU
		{C107FF29-6395-4F16-BA7F-679AFD48A902}.Release|Any CPU.Build.0 = Release|Any CPU
		{72E4FA50-58E2-41CD-BA85-7757C96B4F18}.Debug|Any CPU.ActiveCfg = Debug|Any CPU
		{72E4FA50-58E2-41CD-BA85-7757C96B4F18}.Debug|Any CPU.Build.0 = Debug|Any CPU
		{72E4FA50-58E2-41CD-BA85-7757C96B4F18}.Release|Any CPU.ActiveCfg = Release|Any CPU
		{72E4FA50-58E2-41CD-BA85-7757C96B4F18}.Release|Any CPU.Build.0 = Release|Any CPU
	EndGlobalSection
	GlobalSection(SolutionProperties) = preSolution
		HideSolutionNode = FALSE
	EndGlobalSection
EndGlobal
